{
  "name": "package-starter",
  "version": "1.0.0",
  "lockfileVersion": 3,
  "requires": true,
  "packages": {
    "": {
      "name": "package-starter",
      "version": "1.0.0",
      "workspaces": [
        "packages/*",
        "examples/*"
      ]
    },
    "examples/hello-package": {
      "version": "0.1.2",
      "devDependencies": {
        "@i-santos/release-cli": "file:../../packages/release-cli"
      }
    },
    "node_modules/@i-santos/create-package-starter": {
      "resolved": "packages/create-package-starter",
      "link": true
    },
    "node_modules/@i-santos/release-cli": {
      "resolved": "packages/release-cli",
      "link": true
    },
    "node_modules/hello-package": {
      "resolved": "examples/hello-package",
      "link": true
    },
    "packages/create-package-starter": {
      "name": "@i-santos/create-package-starter",
      "version": "0.1.0",
      "bin": {
        "create-package-starter": "bin/create-package-starter.js"
      }
    },
    "packages/release-cli": {
      "name": "@i-santos/release-cli",
      "version": "0.1.0",
      "bin": {
        "release-cli": "bin/release-cli.js"
      }
    }
  }
}
